
Microsoft Visual Studio Solution File, Format Version 12.00
# Visual Studio Version 17
VisualStudioVersion = 17.0.32014.148
MinimumVisualStudioVersion = 10.0.40219.1
Project("{9A19103F-16F7-4668-BE54-9A1E7A4F7556}") = "For-ForEach-Benchmark", "For-ForEach-Benchmark\For-ForEach-Benchmark.csproj", "{0AAB4A85-5DE0-439A-852B-F1750FC7E2DA}"
EndProject
Project("{9A19103F-16F7-4668-BE54-9A1E7A4F7556}") = "List-TrimExess-Benchmark", "List-TrimExess-Benchmark\List-TrimExess-Benchmark.csproj", "{B206EEE5-3F4E-434A-A181-86FFCC08F0E9}"
EndProject
Project("{9A19103F-16F7-4668-BE54-9A1E7A4F7556}") = "Reflection-NonReflection-Benchmark", "Reflection-NonReflection-Benchmark\Reflection-NonReflection-Benchmark.csproj", "{D14A80F8-56D8-4F8D-9800-A32970F2FC45}"
EndProject
Project("{9A19103F-16F7-4668-BE54-9A1E7A4F7556}") = "Throw-Exception-Benchmark", "Throw-Exception-Benchmark\Throw-Exception-Benchmark.csproj", "{127C0FE7-B9B1-4FF2-B386-3D6B3F29442D}"
EndProject
Project("{9A19103F-16F7-4668-BE54-9A1E7A4F7556}") = "String-Replace-Benchmark", "String-Replace-Benchmark\String-Replace-Benchmark.csproj", "{C4421E03-DF30-4924-AE25-C5C697076023}"
EndProject
Project("{9A19103F-16F7-4668-BE54-9A1E7A4F7556}") = "New-Lazy-Instantiate", "New-Lazy-Instantiate\New-Lazy-Instantiate.csproj", "{5541207E-4FCC-4D27-9573-6BF9FB9E3690}"
EndProject
Project("{9A19103F-16F7-4668-BE54-9A1E7A4F7556}") = "Metrics-Benchmark", "Metrics-Benchmark\Metrics-Benchmark.csproj", "{D0D241E5-35B5-45AC-A766-C8F02B5A6508}"
EndProject
Project("{9A19103F-16F7-4668-BE54-9A1E7A4F7556}") = "Property-Getter-Benchmark", "Property-Getter-Benchmark\Property-Getter-Benchmark.csproj", "{82DA51D7-B25D-4B50-B60C-B2DB94BA0F9F}"
EndProject
Project("{9A19103F-16F7-4668-BE54-9A1E7A4F7556}") = "String-Reverse-Benchmark", "String-Reverse-Benchmark\String-Reverse-Benchmark.csproj", "{8344902B-0FCF-4467-B035-288DD50C243D}"
EndProject
Project("{9A19103F-16F7-4668-BE54-9A1E7A4F7556}") = "String-Concat-Benchmark", "String-Concat-Benchmark\String-Concat-Benchmark.csproj", "{4DE084CD-CC1D-467E-BEF9-6DD41A0BB2A0}"
EndProject
Project("{9A19103F-16F7-4668-BE54-9A1E7A4F7556}") = "Word-Reverse-Benchmark", "Word-Reverse-Benchmark\Word-Reverse-Benchmark.csproj", "{6DF7420A-E860-4E64-B181-9222DB66FF5D}"
EndProject
Project("{9A19103F-16F7-4668-BE54-9A1E7A4F7556}") = "Utilities", "Utilities\Utilities.csproj", "{384633FE-830E-439F-91B4-BD7C99333CAB}"
EndProject
Project("{9A19103F-16F7-4668-BE54-9A1E7A4F7556}") = "OrderByFirstLast-MinMax-Benchmark", "OrderByFirstLast-MinMax-Benchmark\OrderByFirstLast-MinMax-Benchmark.csproj", "{89FE99BE-7E7A-4A10-BE19-C07473CFE662}"
EndProject
Project("{9A19103F-16F7-4668-BE54-9A1E7A4F7556}") = "Collection-Shuffle-Benchmark", "Collection-Shuffle-Benchmark\Collection-Shuffle-Benchmark.csproj", "{BD9B0065-5C4F-4298-92E9-53CCFC94D37E}"
EndProject
Project("{9A19103F-16F7-4668-BE54-9A1E7A4F7556}") = "FileStream-WriteAsync-Benchmark", "FileStream-WriteAsync-Benchmark\FileStream-WriteAsync-Benchmark.csproj", "{7F58D3F5-C33C-4987-8539-8E6E9A2FC2D4}"
EndProject
Project("{9A19103F-16F7-4668-BE54-9A1E7A4F7556}") = "Stream-Read-Bytes-Benchmark", "Stream-Read-Bytes-Benchmark\Stream-Read-Bytes-Benchmark.csproj", "{B39A5DAC-0E82-436D-A61C-D5B72A251904}"
EndProject
Project("{9A19103F-16F7-4668-BE54-9A1E7A4F7556}") = "Array-Allocating-Benchmark", "Array-Allocating-Benchmark\Array-Allocating-Benchmark.csproj", "{AA601959-5FBE-4B4A-9AC3-46557D93F4AB}"
EndProject
Project("{9A19103F-16F7-4668-BE54-9A1E7A4F7556}") = "Stream-Write-Bytes-Benchmark", "Stream-Write-Bytes-Benchmark\Stream-Write-Bytes-Benchmark.csproj", "{62E78AEE-FC7F-4FD3-8CA0-F6B19A40910C}"
EndProject
Project("{9A19103F-16F7-4668-BE54-9A1E7A4F7556}") = "Stream-Read-String-Benchmark", "Stream-Read-String-Benchmark\Stream-Read-String-Benchmark.csproj", "{8990FCD6-7EAD-46E3-8880-230935469222}"
EndProject
Project("{9A19103F-16F7-4668-BE54-9A1E7A4F7556}") = "Array-Resizing-Benchmark", "Array-Resizing-Benchmark\Array-Resizing-Benchmark.csproj", "{8453FFC8-705C-4091-9735-6AE9E35E9990}"
EndProject
Project("{9A19103F-16F7-4668-BE54-9A1E7A4F7556}") = "String-StartWith-Benchmark", "String-StartWith-Benchmark\String-StartWith-Benchmark.csproj", "{D23E1214-D392-4E7E-BDE8-BAB869B81EE2}"
EndProject
Project("{9A19103F-16F7-4668-BE54-9A1E7A4F7556}") = "GetHashCode-Equals-Benchmark", "GetHashCode-Equals-Benchmark\GetHashCode-Equals-Benchmark.csproj", "{E6B170D7-0DF0-435D-8975-A93CC042BD2B}"
EndProject
Project("{9A19103F-16F7-4668-BE54-9A1E7A4F7556}") = "Enumerable-NullOrEmpty-Benchmark", "Enumerable-NullOrEmpty-Benchmark\Enumerable-NullOrEmpty-Benchmark.csproj", "{FB7B49D2-8D0A-4D7A-98CC-ABF342B0415E}"
EndProject
Project("{2150E333-8FDC-42A3-9474-1A3956D46DE8}") = "Solution Items", "Solution Items", "{48523C4D-7F27-4BA9-AC6B-4475521A3C88}"
EndProject
Global
	GlobalSection(SolutionConfigurationPlatforms) = preSolution
		Debug|Any CPU = Debug|Any CPU
		Debug|x64 = Debug|x64
		Release|Any CPU = Release|Any CPU
		Release|x64 = Release|x64
	EndGlobalSection
	GlobalSection(ProjectConfigurationPlatforms) = postSolution
		{0AAB4A85-5DE0-439A-852B-F1750FC7E2DA}.Debug|Any CPU.ActiveCfg = Debug|Any CPU
		{0AAB4A85-5DE0-439A-852B-F1750FC7E2DA}.Debug|Any CPU.Build.0 = Debug|Any CPU
		{0AAB4A85-5DE0-439A-852B-F1750FC7E2DA}.Debug|x64.ActiveCfg = Debug|Any CPU
		{0AAB4A85-5DE0-439A-852B-F1750FC7E2DA}.Debug|x64.Build.0 = Debug|Any CPU
		{0AAB4A85-5DE0-439A-852B-F1750FC7E2DA}.Release|Any CPU.ActiveCfg = Release|Any CPU
		{0AAB4A85-5DE0-439A-852B-F1750FC7E2DA}.Release|Any CPU.Build.0 = Release|Any CPU
		{0AAB4A85-5DE0-439A-852B-F1750FC7E2DA}.Release|x64.ActiveCfg = Release|Any CPU
		{0AAB4A85-5DE0-439A-852B-F1750FC7E2DA}.Release|x64.Build.0 = Release|Any CPU
		{B206EEE5-3F4E-434A-A181-86FFCC08F0E9}.Debug|Any CPU.ActiveCfg = Debug|Any CPU
		{B206EEE5-3F4E-434A-A181-86FFCC08F0E9}.Debug|Any CPU.Build.0 = Debug|Any CPU
		{B206EEE5-3F4E-434A-A181-86FFCC08F0E9}.Debug|x64.ActiveCfg = Debug|Any CPU
		{B206EEE5-3F4E-434A-A181-86FFCC08F0E9}.Debug|x64.Build.0 = Debug|Any CPU
		{B206EEE5-3F4E-434A-A181-86FFCC08F0E9}.Release|Any CPU.ActiveCfg = Release|Any CPU
		{B206EEE5-3F4E-434A-A181-86FFCC08F0E9}.Release|Any CPU.Build.0 = Release|Any CPU
		{B206EEE5-3F4E-434A-A181-86FFCC08F0E9}.Release|x64.ActiveCfg = Release|Any CPU
		{B206EEE5-3F4E-434A-A181-86FFCC08F0E9}.Release|x64.Build.0 = Release|Any CPU
		{D14A80F8-56D8-4F8D-9800-A32970F2FC45}.Debug|Any CPU.ActiveCfg = Debug|Any CPU
		{D14A80F8-56D8-4F8D-9800-A32970F2FC45}.Debug|Any CPU.Build.0 = Debug|Any CPU
		{D14A80F8-56D8-4F8D-9800-A32970F2FC45}.Debug|x64.ActiveCfg = Debug|Any CPU
		{D14A80F8-56D8-4F8D-9800-A32970F2FC45}.Debug|x64.Build.0 = Debug|Any CPU
		{D14A80F8-56D8-4F8D-9800-A32970F2FC45}.Release|Any CPU.ActiveCfg = Release|Any CPU
		{D14A80F8-56D8-4F8D-9800-A32970F2FC45}.Release|Any CPU.Build.0 = Release|Any CPU
		{D14A80F8-56D8-4F8D-9800-A32970F2FC45}.Release|x64.ActiveCfg = Release|Any CPU
		{D14A80F8-56D8-4F8D-9800-A32970F2FC45}.Release|x64.Build.0 = Release|Any CPU
		{127C0FE7-B9B1-4FF2-B386-3D6B3F29442D}.Debug|Any CPU.ActiveCfg = Debug|Any CPU
		{127C0FE7-B9B1-4FF2-B386-3D6B3F29442D}.Debug|Any CPU.Build.0 = Debug|Any CPU
		{127C0FE7-B9B1-4FF2-B386-3D6B3F29442D}.Debug|x64.ActiveCfg = Debug|Any CPU
		{127C0FE7-B9B1-4FF2-B386-3D6B3F29442D}.Debug|x64.Build.0 = Debug|Any CPU
		{127C0FE7-B9B1-4FF2-B386-3D6B3F29442D}.Release|Any CPU.ActiveCfg = Release|Any CPU
		{127C0FE7-B9B1-4FF2-B386-3D6B3F29442D}.Release|Any CPU.Build.0 = Release|Any CPU
		{127C0FE7-B9B1-4FF2-B386-3D6B3F29442D}.Release|x64.ActiveCfg = Release|Any CPU
		{127C0FE7-B9B1-4FF2-B386-3D6B3F29442D}.Release|x64.Build.0 = Release|Any CPU
		{C4421E03-DF30-4924-AE25-C5C697076023}.Debug|Any CPU.ActiveCfg = Debug|Any CPU
		{C4421E03-DF30-4924-AE25-C5C697076023}.Debug|Any CPU.Build.0 = Debug|Any CPU
		{C4421E03-DF30-4924-AE25-C5C697076023}.Debug|x64.ActiveCfg = Debug|Any CPU
		{C4421E03-DF30-4924-AE25-C5C697076023}.Debug|x64.Build.0 = Debug|Any CPU
		{C4421E03-DF30-4924-AE25-C5C697076023}.Release|Any CPU.ActiveCfg = Release|Any CPU
		{C4421E03-DF30-4924-AE25-C5C697076023}.Release|Any CPU.Build.0 = Release|Any CPU
		{C4421E03-DF30-4924-AE25-C5C697076023}.Release|x64.ActiveCfg = Release|Any CPU
		{C4421E03-DF30-4924-AE25-C5C697076023}.Release|x64.Build.0 = Release|Any CPU
		{5541207E-4FCC-4D27-9573-6BF9FB9E3690}.Debug|Any CPU.ActiveCfg = Debug|Any CPU
		{5541207E-4FCC-4D27-9573-6BF9FB9E3690}.Debug|Any CPU.Build.0 = Debug|Any CPU
		{5541207E-4FCC-4D27-9573-6BF9FB9E3690}.Debug|x64.ActiveCfg = Debug|Any CPU
		{5541207E-4FCC-4D27-9573-6BF9FB9E3690}.Debug|x64.Build.0 = Debug|Any CPU
		{5541207E-4FCC-4D27-9573-6BF9FB9E3690}.Release|Any CPU.ActiveCfg = Release|Any CPU
		{5541207E-4FCC-4D27-9573-6BF9FB9E3690}.Release|Any CPU.Build.0 = Release|Any CPU
		{5541207E-4FCC-4D27-9573-6BF9FB9E3690}.Release|x64.ActiveCfg = Release|Any CPU
		{5541207E-4FCC-4D27-9573-6BF9FB9E3690}.Release|x64.Build.0 = Release|Any CPU
		{D0D241E5-35B5-45AC-A766-C8F02B5A6508}.Debug|Any CPU.ActiveCfg = Debug|Any CPU
		{D0D241E5-35B5-45AC-A766-C8F02B5A6508}.Debug|Any CPU.Build.0 = Debug|Any CPU
		{D0D241E5-35B5-45AC-A766-C8F02B5A6508}.Debug|x64.ActiveCfg = Debug|Any CPU
		{D0D241E5-35B5-45AC-A766-C8F02B5A6508}.Debug|x64.Build.0 = Debug|Any CPU
		{D0D241E5-35B5-45AC-A766-C8F02B5A6508}.Release|Any CPU.ActiveCfg = Release|Any CPU
		{D0D241E5-35B5-45AC-A766-C8F02B5A6508}.Release|Any CPU.Build.0 = Release|Any CPU
		{D0D241E5-35B5-45AC-A766-C8F02B5A6508}.Release|x64.ActiveCfg = Release|Any CPU
		{D0D241E5-35B5-45AC-A766-C8F02B5A6508}.Release|x64.Build.0 = Release|Any CPU
		{82DA51D7-B25D-4B50-B60C-B2DB94BA0F9F}.Debug|Any CPU.ActiveCfg = Debug|Any CPU
		{82DA51D7-B25D-4B50-B60C-B2DB94BA0F9F}.Debug|Any CPU.Build.0 = Debug|Any CPU
		{82DA51D7-B25D-4B50-B60C-B2DB94BA0F9F}.Debug|x64.ActiveCfg = Debug|Any CPU
		{82DA51D7-B25D-4B50-B60C-B2DB94BA0F9F}.Debug|x64.Build.0 = Debug|Any CPU
		{82DA51D7-B25D-4B50-B60C-B2DB94BA0F9F}.Release|Any CPU.ActiveCfg = Release|Any CPU
		{82DA51D7-B25D-4B50-B60C-B2DB94BA0F9F}.Release|Any CPU.Build.0 = Release|Any CPU
		{82DA51D7-B25D-4B50-B60C-B2DB94BA0F9F}.Release|x64.ActiveCfg = Release|Any CPU
		{82DA51D7-B25D-4B50-B60C-B2DB94BA0F9F}.Release|x64.Build.0 = Release|Any CPU
		{8344902B-0FCF-4467-B035-288DD50C243D}.Debug|Any CPU.ActiveCfg = Debug|Any CPU
		{8344902B-0FCF-4467-B035-288DD50C243D}.Debug|Any CPU.Build.0 = Debug|Any CPU
		{8344902B-0FCF-4467-B035-288DD50C243D}.Debug|x64.ActiveCfg = Debug|Any CPU
		{8344902B-0FCF-4467-B035-288DD50C243D}.Debug|x64.Build.0 = Debug|Any CPU
		{8344902B-0FCF-4467-B035-288DD50C243D}.Release|Any CPU.ActiveCfg = Release|Any CPU
		{8344902B-0FCF-4467-B035-288DD50C243D}.Release|Any CPU.Build.0 = Release|Any CPU
		{8344902B-0FCF-4467-B035-288DD50C243D}.Release|x64.ActiveCfg = Release|Any CPU
		{8344902B-0FCF-4467-B035-288DD50C243D}.Release|x64.Build.0 = Release|Any CPU
		{4DE084CD-CC1D-467E-BEF9-6DD41A0BB2A0}.Debug|Any CPU.ActiveCfg = Debug|Any CPU
		{4DE084CD-CC1D-467E-BEF9-6DD41A0BB2A0}.Debug|Any CPU.Build.0 = Debug|Any CPU
		{4DE084CD-CC1D-467E-BEF9-6DD41A0BB2A0}.Debug|x64.ActiveCfg = Debug|Any CPU
		{4DE084CD-CC1D-467E-BEF9-6DD41A0BB2A0}.Debug|x64.Build.0 = Debug|Any CPU
		{4DE084CD-CC1D-467E-BEF9-6DD41A0BB2A0}.Release|Any CPU.ActiveCfg = Release|Any CPU
		{4DE084CD-CC1D-467E-BEF9-6DD41A0BB2A0}.Release|Any CPU.Build.0 = Release|Any CPU
		{4DE084CD-CC1D-467E-BEF9-6DD41A0BB2A0}.Release|x64.ActiveCfg = Release|Any CPU
		{4DE084CD-CC1D-467E-BEF9-6DD41A0BB2A0}.Release|x64.Build.0 = Release|Any CPU
		{6DF7420A-E860-4E64-B181-9222DB66FF5D}.Debug|Any CPU.ActiveCfg = Debug|Any CPU
		{6DF7420A-E860-4E64-B181-9222DB66FF5D}.Debug|Any CPU.Build.0 = Debug|Any CPU
		{6DF7420A-E860-4E64-B181-9222DB66FF5D}.Debug|x64.ActiveCfg = Debug|Any CPU
		{6DF7420A-E860-4E64-B181-9222DB66FF5D}.Debug|x64.Build.0 = Debug|Any CPU
		{6DF7420A-E860-4E64-B181-9222DB66FF5D}.Release|Any CPU.ActiveCfg = Release|Any CPU
		{6DF7420A-E860-4E64-B181-9222DB66FF5D}.Release|Any CPU.Build.0 = Release|Any CPU
		{6DF7420A-E860-4E64-B181-9222DB66FF5D}.Release|x64.ActiveCfg = Release|Any CPU
		{6DF7420A-E860-4E64-B181-9222DB66FF5D}.Release|x64.Build.0 = Release|Any CPU
		{384633FE-830E-439F-91B4-BD7C99333CAB}.Debug|Any CPU.ActiveCfg = Debug|Any CPU
		{384633FE-830E-439F-91B4-BD7C99333CAB}.Debug|Any CPU.Build.0 = Debug|Any CPU
		{384633FE-830E-439F-91B4-BD7C99333CAB}.Debug|x64.ActiveCfg = Debug|Any CPU
		{384633FE-830E-439F-91B4-BD7C99333CAB}.Debug|x64.Build.0 = Debug|Any CPU
		{384633FE-830E-439F-91B4-BD7C99333CAB}.Release|Any CPU.ActiveCfg = Release|Any CPU
		{384633FE-830E-439F-91B4-BD7C99333CAB}.Release|Any CPU.Build.0 = Release|Any CPU
		{384633FE-830E-439F-91B4-BD7C99333CAB}.Release|x64.ActiveCfg = Release|Any CPU
		{384633FE-830E-439F-91B4-BD7C99333CAB}.Release|x64.Build.0 = Release|Any CPU
		{89FE99BE-7E7A-4A10-BE19-C07473CFE662}.Debug|Any CPU.ActiveCfg = Debug|Any CPU
		{89FE99BE-7E7A-4A10-BE19-C07473CFE662}.Debug|Any CPU.Build.0 = Debug|Any CPU
		{89FE99BE-7E7A-4A10-BE19-C07473CFE662}.Debug|x64.ActiveCfg = Debug|Any CPU
		{89FE99BE-7E7A-4A10-BE19-C07473CFE662}.Debug|x64.Build.0 = Debug|Any CPU
		{89FE99BE-7E7A-4A10-BE19-C07473CFE662}.Release|Any CPU.ActiveCfg = Release|Any CPU
		{89FE99BE-7E7A-4A10-BE19-C07473CFE662}.Release|Any CPU.Build.0 = Release|Any CPU
		{89FE99BE-7E7A-4A10-BE19-C07473CFE662}.Release|x64.ActiveCfg = Release|Any CPU
		{89FE99BE-7E7A-4A10-BE19-C07473CFE662}.Release|x64.Build.0 = Release|Any CPU
		{BD9B0065-5C4F-4298-92E9-53CCFC94D37E}.Debug|Any CPU.ActiveCfg = Debug|Any CPU
		{BD9B0065-5C4F-4298-92E9-53CCFC94D37E}.Debug|Any CPU.Build.0 = Debug|Any CPU
		{BD9B0065-5C4F-4298-92E9-53CCFC94D37E}.Debug|x64.ActiveCfg = Debug|Any CPU
		{BD9B0065-5C4F-4298-92E9-53CCFC94D37E}.Debug|x64.Build.0 = Debug|Any CPU
		{BD9B0065-5C4F-4298-92E9-53CCFC94D37E}.Release|Any CPU.ActiveCfg = Release|Any CPU
		{BD9B0065-5C4F-4298-92E9-53CCFC94D37E}.Release|Any CPU.Build.0 = Release|Any CPU
		{BD9B0065-5C4F-4298-92E9-53CCFC94D37E}.Release|x64.ActiveCfg = Release|Any CPU
		{BD9B0065-5C4F-4298-92E9-53CCFC94D37E}.Release|x64.Build.0 = Release|Any CPU
		{7F58D3F5-C33C-4987-8539-8E6E9A2FC2D4}.Debug|Any CPU.ActiveCfg = Debug|Any CPU
		{7F58D3F5-C33C-4987-8539-8E6E9A2FC2D4}.Debug|Any CPU.Build.0 = Debug|Any CPU
		{7F58D3F5-C33C-4987-8539-8E6E9A2FC2D4}.Debug|x64.ActiveCfg = Debug|Any CPU
		{7F58D3F5-C33C-4987-8539-8E6E9A2FC2D4}.Debug|x64.Build.0 = Debug|Any CPU
		{7F58D3F5-C33C-4987-8539-8E6E9A2FC2D4}.Release|Any CPU.ActiveCfg = Release|Any CPU
		{7F58D3F5-C33C-4987-8539-8E6E9A2FC2D4}.Release|Any CPU.Build.0 = Release|Any CPU
		{7F58D3F5-C33C-4987-8539-8E6E9A2FC2D4}.Release|x64.ActiveCfg = Release|Any CPU
		{7F58D3F5-C33C-4987-8539-8E6E9A2FC2D4}.Release|x64.Build.0 = Release|Any CPU
		{B39A5DAC-0E82-436D-A61C-D5B72A251904}.Debug|Any CPU.ActiveCfg = Debug|Any CPU
		{B39A5DAC-0E82-436D-A61C-D5B72A251904}.Debug|Any CPU.Build.0 = Debug|Any CPU
		{B39A5DAC-0E82-436D-A61C-D5B72A251904}.Debug|x64.ActiveCfg = Debug|Any CPU
		{B39A5DAC-0E82-436D-A61C-D5B72A251904}.Debug|x64.Build.0 = Debug|Any CPU
		{B39A5DAC-0E82-436D-A61C-D5B72A251904}.Release|Any CPU.ActiveCfg = Release|Any CPU
		{B39A5DAC-0E82-436D-A61C-D5B72A251904}.Release|Any CPU.Build.0 = Release|Any CPU
		{B39A5DAC-0E82-436D-A61C-D5B72A251904}.Release|x64.ActiveCfg = Release|Any CPU
		{B39A5DAC-0E82-436D-A61C-D5B72A251904}.Release|x64.Build.0 = Release|Any CPU
		{AA601959-5FBE-4B4A-9AC3-46557D93F4AB}.Debug|Any CPU.ActiveCfg = Debug|Any CPU
		{AA601959-5FBE-4B4A-9AC3-46557D93F4AB}.Debug|Any CPU.Build.0 = Debug|Any CPU
		{AA601959-5FBE-4B4A-9AC3-46557D93F4AB}.Debug|x64.ActiveCfg = Debug|Any CPU
		{AA601959-5FBE-4B4A-9AC3-46557D93F4AB}.Debug|x64.Build.0 = Debug|Any CPU
		{AA601959-5FBE-4B4A-9AC3-46557D93F4AB}.Release|Any CPU.ActiveCfg = Release|Any CPU
		{AA601959-5FBE-4B4A-9AC3-46557D93F4AB}.Release|Any CPU.Build.0 = Release|Any CPU
		{AA601959-5FBE-4B4A-9AC3-46557D93F4AB}.Release|x64.ActiveCfg = Release|Any CPU
		{AA601959-5FBE-4B4A-9AC3-46557D93F4AB}.Release|x64.Build.0 = Release|Any CPU
		{62E78AEE-FC7F-4FD3-8CA0-F6B19A40910C}.Debug|Any CPU.ActiveCfg = Debug|Any CPU
		{62E78AEE-FC7F-4FD3-8CA0-F6B19A40910C}.Debug|Any CPU.Build.0 = Debug|Any CPU
		{62E78AEE-FC7F-4FD3-8CA0-F6B19A40910C}.Debug|x64.ActiveCfg = Debug|Any CPU
		{62E78AEE-FC7F-4FD3-8CA0-F6B19A40910C}.Debug|x64.Build.0 = Debug|Any CPU
		{62E78AEE-FC7F-4FD3-8CA0-F6B19A40910C}.Release|Any CPU.ActiveCfg = Release|Any CPU
		{62E78AEE-FC7F-4FD3-8CA0-F6B19A40910C}.Release|Any CPU.Build.0 = Release|Any CPU
		{62E78AEE-FC7F-4FD3-8CA0-F6B19A40910C}.Release|x64.ActiveCfg = Release|Any CPU
		{62E78AEE-FC7F-4FD3-8CA0-F6B19A40910C}.Release|x64.Build.0 = Release|Any CPU
		{8990FCD6-7EAD-46E3-8880-230935469222}.Debug|Any CPU.ActiveCfg = Debug|Any CPU
		{8990FCD6-7EAD-46E3-8880-230935469222}.Debug|Any CPU.Build.0 = Debug|Any CPU
		{8990FCD6-7EAD-46E3-8880-230935469222}.Debug|x64.ActiveCfg = Debug|Any CPU
		{8990FCD6-7EAD-46E3-8880-230935469222}.Debug|x64.Build.0 = Debug|Any CPU
		{8990FCD6-7EAD-46E3-8880-230935469222}.Release|Any CPU.ActiveCfg = Release|Any CPU
		{8990FCD6-7EAD-46E3-8880-230935469222}.Release|Any CPU.Build.0 = Release|Any CPU
		{8990FCD6-7EAD-46E3-8880-230935469222}.Release|x64.ActiveCfg = Release|Any CPU
		{8990FCD6-7EAD-46E3-8880-230935469222}.Release|x64.Build.0 = Release|Any CPU
		{8453FFC8-705C-4091-9735-6AE9E35E9990}.Debug|Any CPU.ActiveCfg = Debug|Any CPU
		{8453FFC8-705C-4091-9735-6AE9E35E9990}.Debug|Any CPU.Build.0 = Debug|Any CPU
		{8453FFC8-705C-4091-9735-6AE9E35E9990}.Debug|x64.ActiveCfg = Debug|Any CPU
		{8453FFC8-705C-4091-9735-6AE9E35E9990}.Debug|x64.Build.0 = Debug|Any CPU
		{8453FFC8-705C-4091-9735-6AE9E35E9990}.Release|Any CPU.ActiveCfg = Release|Any CPU
		{8453FFC8-705C-4091-9735-6AE9E35E9990}.Release|Any CPU.Build.0 = Release|Any CPU
		{8453FFC8-705C-4091-9735-6AE9E35E9990}.Release|x64.ActiveCfg = Release|Any CPU
		{8453FFC8-705C-4091-9735-6AE9E35E9990}.Release|x64.Build.0 = Release|Any CPU
		{D23E1214-D392-4E7E-BDE8-BAB869B81EE2}.Debug|Any CPU.ActiveCfg = Debug|Any CPU
		{D23E1214-D392-4E7E-BDE8-BAB869B81EE2}.Debug|Any CPU.Build.0 = Debug|Any CPU
		{D23E1214-D392-4E7E-BDE8-BAB869B81EE2}.Debug|x64.ActiveCfg = Debug|Any CPU
		{D23E1214-D392-4E7E-BDE8-BAB869B81EE2}.Debug|x64.Build.0 = Debug|Any CPU
		{D23E1214-D392-4E7E-BDE8-BAB869B81EE2}.Release|Any CPU.ActiveCfg = Release|Any CPU
		{D23E1214-D392-4E7E-BDE8-BAB869B81EE2}.Release|Any CPU.Build.0 = Release|Any CPU
		{D23E1214-D392-4E7E-BDE8-BAB869B81EE2}.Release|x64.ActiveCfg = Release|Any CPU
		{D23E1214-D392-4E7E-BDE8-BAB869B81EE2}.Release|x64.Build.0 = Release|Any CPU
		{E6B170D7-0DF0-435D-8975-A93CC042BD2B}.Debug|Any CPU.ActiveCfg = Debug|Any CPU
		{E6B170D7-0DF0-435D-8975-A93CC042BD2B}.Debug|Any CPU.Build.0 = Debug|Any CPU
		{E6B170D7-0DF0-435D-8975-A93CC042BD2B}.Debug|x64.ActiveCfg = Debug|Any CPU
		{E6B170D7-0DF0-435D-8975-A93CC042BD2B}.Debug|x64.Build.0 = Debug|Any CPU
		{E6B170D7-0DF0-435D-8975-A93CC042BD2B}.Release|Any CPU.ActiveCfg = Release|Any CPU
		{E6B170D7-0DF0-435D-8975-A93CC042BD2B}.Release|Any CPU.Build.0 = Release|Any CPU
		{E6B170D7-0DF0-435D-8975-A93CC042BD2B}.Release|x64.ActiveCfg = Release|Any CPU
		{E6B170D7-0DF0-435D-8975-A93CC042BD2B}.Release|x64.Build.0 = Release|Any CPU
		{FB7B49D2-8D0A-4D7A-98CC-ABF342B0415E}.Debug|Any CPU.ActiveCfg = Debug|Any CPU
		{FB7B49D2-8D0A-4D7A-98CC-ABF342B0415E}.Debug|Any CPU.Build.0 = Debug|Any CPU
		{FB7B49D2-8D0A-4D7A-98CC-ABF342B0415E}.Debug|x64.ActiveCfg = Debug|Any CPU
		{FB7B49D2-8D0A-4D7A-98CC-ABF342B0415E}.Debug|x64.Build.0 = Debug|Any CPU
		{FB7B49D2-8D0A-4D7A-98CC-ABF342B0415E}.Release|Any CPU.ActiveCfg = Release|Any CPU
		{FB7B49D2-8D0A-4D7A-98CC-ABF342B0415E}.Release|Any CPU.Build.0 = Release|Any CPU
		{FB7B49D2-8D0A-4D7A-98CC-ABF342B0415E}.Release|x64.ActiveCfg = Release|Any CPU
		{FB7B49D2-8D0A-4D7A-98CC-ABF342B0415E}.Release|x64.Build.0 = Release|Any CPU
	EndGlobalSection
	GlobalSection(SolutionProperties) = preSolution
		HideSolutionNode = FALSE
	EndGlobalSection
	GlobalSection(ExtensibilityGlobals) = postSolution
		SolutionGuid = {9971B2AF-C9D7-4426-88F5-427270973E86}
	EndGlobalSection
EndGlobal
