
Microsoft Visual Studio Solution File, Format Version 12.00
# Visual Studio Version 16
VisualStudioVersion = 16.0.29728.190
MinimumVisualStudioVersion = 10.0.40219.1
Project("{9A19103F-16F7-4668-BE54-9A1E7A4F7556}") = "List-TrimExess-Benchmark", "List-TrimExess-Benchmark.csproj", "{0CBF0947-DC2D-4057-8A45-F2503D92C3D0}"
EndProject
Global
	GlobalSection(SolutionConfigurationPlatforms) = preSolution
		Debug|Any CPU = Debug|Any CPU
		Release|Any CPU = Release|Any CPU
	EndGlobalSection
	GlobalSection(ProjectConfigurationPlatforms) = postSolution
		{0CBF0947-DC2D-4057-8A45-F2503D92C3D0}.Debug|Any CPU.ActiveCfg = Debug|Any CPU
		{0CBF0947-DC2D-4057-8A45-F2503D92C3D0}.Debug|Any CPU.Build.0 = Debug|Any CPU
		{0CBF0947-DC2D-4057-8A45-F2503D92C3D0}.Release|Any CPU.ActiveCfg = Release|Any CPU
		{0CBF0947-DC2D-4057-8A45-F2503D92C3D0}.Release|Any CPU.Build.0 = Release|Any CPU
	EndGlobalSection
	GlobalSection(SolutionProperties) = preSolution
		HideSolutionNode = FALSE
	EndGlobalSection
	GlobalSection(ExtensibilityGlobals) = postSolution
		SolutionGuid = {9FDE8C5B-6E48-4F4D-BC05-73781AEDF748}
	EndGlobalSection
EndGlobal
